// !$*UTF8*$!
{
	archiveVersion = 1;
	classes = {
	};
	objectVersion = 50;
	objects = {

/* Begin PBXBuildFile section */
		0A56E2F0246986BA004F2669 /* ShoppingCell.swift in Sources */ = {isa = PBXBuildFile; fileRef = 0A56E2EF246986BA004F2669 /* ShoppingCell.swift */; };
		0A56E2F424698B46004F2669 /* ShoppingItem.swift in Sources */ = {isa = PBXBuildFile; fileRef = 0A56E2F324698B46004F2669 /* ShoppingItem.swift */; };
		DB3E5CA02460D88C00A5ECD2 /* AppDelegate.swift in Sources */ = {isa = PBXBuildFile; fileRef = DB3E5C9F2460D88C00A5ECD2 /* AppDelegate.swift */; };
		DB3E5CA22460D88C00A5ECD2 /* SceneDelegate.swift in Sources */ = {isa = PBXBuildFile; fileRef = DB3E5CA12460D88C00A5ECD2 /* SceneDelegate.swift */; };
		DB3E5CA42460D88C00A5ECD2 /* ViewController.swift in Sources */ = {isa = PBXBuildFile; fileRef = DB3E5CA32460D88C00A5ECD2 /* ViewController.swift */; };
		DB3E5CA72460D88C00A5ECD2 /* Main.storyboard in Resources */ = {isa = PBXBuildFile; fileRef = DB3E5CA52460D88C00A5ECD2 /* Main.storyboard */; };
		DB3E5CA92460D8A700A5ECD2 /* Assets.xcassets in Resources */ = {isa = PBXBuildFile; fileRef = DB3E5CA82460D8A700A5ECD2 /* Assets.xcassets */; };
		DB3E5CAC2460D8A700A5ECD2 /* LaunchScreen.storyboard in Resources */ = {isa = PBXBuildFile; fileRef = DB3E5CAA2460D8A700A5ECD2 /* LaunchScreen.storyboard */; };
		DB3E5CB72460D8A700A5ECD2 /* ShoppingListTests.swift in Sources */ = {isa = PBXBuildFile; fileRef = DB3E5CB62460D8A700A5ECD2 /* ShoppingListTests.swift */; };
		DB3E5CC22460D8A700A5ECD2 /* ShoppingListUITests.swift in Sources */ = {isa = PBXBuildFile; fileRef = DB3E5CC12460D8A700A5ECD2 /* ShoppingListUITests.swift */; };
		DB3E5CD02460DBB600A5ECD2 /* ItemCell.swift in Sources */ = {isa = PBXBuildFile; fileRef = DB3E5CCF2460DBB600A5ECD2 /* ItemCell.swift */; };
		DB5885E724617F9B00DF2A9F /* AddItemController.swift in Sources */ = {isa = PBXBuildFile; fileRef = DB5885E624617F9B00DF2A9F /* AddItemController.swift */; };
/* End PBXBuildFile section */

/* Begin PBXContainerItemProxy section */
		DB3E5CB32460D8A700A5ECD2 /* PBXContainerItemProxy */ = {
			isa = PBXContainerItemProxy;
			containerPortal = DB3E5C942460D88C00A5ECD2 /* Project object */;
			proxyType = 1;
			remoteGlobalIDString = DB3E5C9B2460D88C00A5ECD2;
			remoteInfo = ShoppingList;
		};
		DB3E5CBE2460D8A700A5ECD2 /* PBXContainerItemProxy */ = {
			isa = PBXContainerItemProxy;
			containerPortal = DB3E5C942460D88C00A5ECD2 /* Project object */;
			proxyType = 1;
			remoteGlobalIDString = DB3E5C9B2460D88C00A5ECD2;
			remoteInfo = ShoppingList;
		};
/* End PBXContainerItemProxy section */

/* Begin PBXFileReference section */
		0A56E2EF246986BA004F2669 /* ShoppingCell.swift */ = {isa = PBXFileReference; lastKnownFileType = sourcecode.swift; path = ShoppingCell.swift; sourceTree = "<group>"; };
		0A56E2F324698B46004F2669 /* ShoppingItem.swift */ = {isa = PBXFileReference; lastKnownFileType = sourcecode.swift; path = ShoppingItem.swift; sourceTree = "<group>"; };
		DB3E5C9C2460D88C00A5ECD2 /* ShoppingList.app */ = {isa = PBXFileReference; explicitFileType = wrapper.application; includeInIndex = 0; path = ShoppingList.app; sourceTree = BUILT_PRODUCTS_DIR; };
		DB3E5C9F2460D88C00A5ECD2 /* AppDelegate.swift */ = {isa = PBXFileReference; lastKnownFileType = sourcecode.swift; path = AppDelegate.swift; sourceTree = "<group>"; };
		DB3E5CA12460D88C00A5ECD2 /* SceneDelegate.swift */ = {isa = PBXFileReference; lastKnownFileType = sourcecode.swift; path = SceneDelegate.swift; sourceTree = "<group>"; };
		DB3E5CA32460D88C00A5ECD2 /* ViewController.swift */ = {isa = PBXFileReference; lastKnownFileType = sourcecode.swift; path = ViewController.swift; sourceTree = "<group>"; };
		DB3E5CA62460D88C00A5ECD2 /* Base */ = {isa = PBXFileReference; lastKnownFileType = file.storyboard; name = Base; path = Base.lproj/Main.storyboard; sourceTree = "<group>"; };
		DB3E5CA82460D8A700A5ECD2 /* Assets.xcassets */ = {isa = PBXFileReference; lastKnownFileType = folder.assetcatalog; path = Assets.xcassets; sourceTree = "<group>"; };
		DB3E5CAB2460D8A700A5ECD2 /* Base */ = {isa = PBXFileReference; lastKnownFileType = file.storyboard; name = Base; path = Base.lproj/LaunchScreen.storyboard; sourceTree = "<group>"; };
		DB3E5CAD2460D8A700A5ECD2 /* Info.plist */ = {isa = PBXFileReference; lastKnownFileType = text.plist.xml; path = Info.plist; sourceTree = "<group>"; };
		DB3E5CB22460D8A700A5ECD2 /* ShoppingListTests.xctest */ = {isa = PBXFileReference; explicitFileType = wrapper.cfbundle; includeInIndex = 0; path = ShoppingListTests.xctest; sourceTree = BUILT_PRODUCTS_DIR; };
		DB3E5CB62460D8A700A5ECD2 /* ShoppingListTests.swift */ = {isa = PBXFileReference; lastKnownFileType = sourcecode.swift; path = ShoppingListTests.swift; sourceTree = "<group>"; };
		DB3E5CB82460D8A700A5ECD2 /* Info.plist */ = {isa = PBXFileReference; lastKnownFileType = text.plist.xml; path = Info.plist; sourceTree = "<group>"; };
		DB3E5CBD2460D8A700A5ECD2 /* ShoppingListUITests.xctest */ = {isa = PBXFileReference; explicitFileType = wrapper.cfbundle; includeInIndex = 0; path = ShoppingListUITests.xctest; sourceTree = BUILT_PRODUCTS_DIR; };
		DB3E5CC12460D8A700A5ECD2 /* ShoppingListUITests.swift */ = {isa = PBXFileReference; lastKnownFileType = sourcecode.swift; path = ShoppingListUITests.swift; sourceTree = "<group>"; };
		DB3E5CC32460D8A700A5ECD2 /* Info.plist */ = {isa = PBXFileReference; lastKnownFileType = text.plist.xml; path = Info.plist; sourceTree = "<group>"; };
		DB3E5CCF2460DBB600A5ECD2 /* ItemCell.swift */ = {isa = PBXFileReference; lastKnownFileType = sourcecode.swift; path = ItemCell.swift; sourceTree = "<group>"; };
		DB5885E624617F9B00DF2A9F /* AddItemController.swift */ = {isa = PBXFileReference; lastKnownFileType = sourcecode.swift; path = AddItemController.swift; sourceTree = "<group>"; };
/* End PBXFileReference section */

/* Begin PBXFrameworksBuildPhase section */
		DB3E5C992460D88C00A5ECD2 /* Frameworks */ = {
			isa = PBXFrameworksBuildPhase;
			buildActionMask = 2147483647;
			files = (
			);
			runOnlyForDeploymentPostprocessing = 0;
		};
		DB3E5CAF2460D8A700A5ECD2 /* Frameworks */ = {
			isa = PBXFrameworksBuildPhase;
			buildActionMask = 2147483647;
			files = (
			);
			runOnlyForDeploymentPostprocessing = 0;
		};
		DB3E5CBA2460D8A700A5ECD2 /* Frameworks */ = {
			isa = PBXFrameworksBuildPhase;
			buildActionMask = 2147483647;
			files = (
			);
			runOnlyForDeploymentPostprocessing = 0;
		};
/* End PBXFrameworksBuildPhase section */

/* Begin PBXGroup section */
		DB3E5C932460D88C00A5ECD2 = {
			isa = PBXGroup;
			children = (
				DB3E5C9E2460D88C00A5ECD2 /* ShoppingList */,
				DB3E5CB52460D8A700A5ECD2 /* ShoppingListTests */,
				DB3E5CC02460D8A700A5ECD2 /* ShoppingListUITests */,
				DB3E5C9D2460D88C00A5ECD2 /* Products */,
			);
			sourceTree = "<group>";
		};
		DB3E5C9D2460D88C00A5ECD2 /* Products */ = {
			isa = PBXGroup;
			children = (
				DB3E5C9C2460D88C00A5ECD2 /* ShoppingList.app */,
				DB3E5CB22460D8A700A5ECD2 /* ShoppingListTests.xctest */,
				DB3E5CBD2460D8A700A5ECD2 /* ShoppingListUITests.xctest */,
			);
			name = Products;
			sourceTree = "<group>";
		};
		DB3E5C9E2460D88C00A5ECD2 /* ShoppingList */ = {
			isa = PBXGroup;
			children = (
				DB3E5C9F2460D88C00A5ECD2 /* AppDelegate.swift */,
				DB3E5CA12460D88C00A5ECD2 /* SceneDelegate.swift */,
				DB3E5CA32460D88C00A5ECD2 /* ViewController.swift */,
				DB3E5CA52460D88C00A5ECD2 /* Main.storyboard */,
				0A56E2EF246986BA004F2669 /* ShoppingCell.swift */,
				0A56E2F324698B46004F2669 /* ShoppingItem.swift */,
				DB3E5CCF2460DBB600A5ECD2 /* ItemCell.swift */,
				DB3E5CA82460D8A700A5ECD2 /* Assets.xcassets */,
				DB3E5CAA2460D8A700A5ECD2 /* LaunchScreen.storyboard */,
				DB3E5CAD2460D8A700A5ECD2 /* Info.plist */,
				DB5885E624617F9B00DF2A9F /* AddItemController.swift */,
			);
			path = ShoppingList;
			sourceTree = "<group>";
		};
		DB3E5CB52460D8A700A5ECD2 /* ShoppingListTests */ = {
			isa = PBXGroup;
			children = (
				DB3E5CB62460D8A700A5ECD2 /* ShoppingListTests.swift */,
				DB3E5CB82460D8A700A5ECD2 /* Info.plist */,
			);
			path = ShoppingListTests;
			sourceTree = "<group>";
		};
		DB3E5CC02460D8A700A5ECD2 /* ShoppingListUITests */ = {
			isa = PBXGroup;
			children = (
				DB3E5CC12460D8A700A5ECD2 /* ShoppingListUITests.swift */,
				DB3E5CC32460D8A700A5ECD2 /* Info.plist */,
			);
			path = ShoppingListUITests;
			sourceTree = "<group>";
		};
/* End PBXGroup section */

/* Begin PBXNativeTarget section */
		DB3E5C9B2460D88C00A5ECD2 /* ShoppingList */ = {
			isa = PBXNativeTarget;
			buildConfigurationList = DB3E5CC62460D8A700A5ECD2 /* Build configuration list for PBXNativeTarget "ShoppingList" */;
			buildPhases = (
				DB3E5C982460D88C00A5ECD2 /* Sources */,
				DB3E5C992460D88C00A5ECD2 /* Frameworks */,
				DB3E5C9A2460D88C00A5ECD2 /* Resources */,
			);
			buildRules = (
			);
			dependencies = (
			);
			name = ShoppingList;
			productName = ShoppingList;
			productReference = DB3E5C9C2460D88C00A5ECD2 /* ShoppingList.app */;
			productType = "com.apple.product-type.application";
		};
		DB3E5CB12460D8A700A5ECD2 /* ShoppingListTests */ = {
			isa = PBXNativeTarget;
			buildConfigurationList = DB3E5CC92460D8A700A5ECD2 /* Build configuration list for PBXNativeTarget "ShoppingListTests" */;
			buildPhases = (
				DB3E5CAE2460D8A700A5ECD2 /* Sources */,
				DB3E5CAF2460D8A700A5ECD2 /* Frameworks */,
				DB3E5CB02460D8A700A5ECD2 /* Resources */,
			);
			buildRules = (
			);
			dependencies = (
				DB3E5CB42460D8A700A5ECD2 /* PBXTargetDependency */,
			);
			name = ShoppingListTests;
			productName = ShoppingListTests;
			productReference = DB3E5CB22460D8A700A5ECD2 /* ShoppingListTests.xctest */;
			productType = "com.apple.product-type.bundle.unit-test";
		};
		DB3E5CBC2460D8A700A5ECD2 /* ShoppingListUITests */ = {
			isa = PBXNativeTarget;
			buildConfigurationList = DB3E5CCC2460D8A700A5ECD2 /* Build configuration list for PBXNativeTarget "ShoppingListUITests" */;
			buildPhases = (
				DB3E5CB92460D8A700A5ECD2 /* Sources */,
				DB3E5CBA2460D8A700A5ECD2 /* Frameworks */,
				DB3E5CBB2460D8A700A5ECD2 /* Resources */,
			);
			buildRules = (
			);
			dependencies = (
				DB3E5CBF2460D8A700A5ECD2 /* PBXTargetDependency */,
			);
			name = ShoppingListUITests;
			productName = ShoppingListUITests;
			productReference = DB3E5CBD2460D8A700A5ECD2 /* ShoppingListUITests.xctest */;
			productType = "com.apple.product-type.bundle.ui-testing";
		};
/* End PBXNativeTarget section */

/* Begin PBXProject section */
		DB3E5C942460D88C00A5ECD2 /* Project object */ = {
			isa = PBXProject;
			attributes = {
				LastSwiftUpdateCheck = 1140;
				LastUpgradeCheck = 1140;
				ORGANIZATIONNAME = theswiftguys;
				TargetAttributes = {
					DB3E5C9B2460D88C00A5ECD2 = {
						CreatedOnToolsVersion = 11.4.1;
					};
					DB3E5CB12460D8A700A5ECD2 = {
						CreatedOnToolsVersion = 11.4.1;
						TestTargetID = DB3E5C9B2460D88C00A5ECD2;
					};
					DB3E5CBC2460D8A700A5ECD2 = {
						CreatedOnToolsVersion = 11.4.1;
						TestTargetID = DB3E5C9B2460D88C00A5ECD2;
					};
				};
			};
			buildConfigurationList = DB3E5C972460D88C00A5ECD2 /* Build configuration list for PBXProject "ShoppingList" */;
			compatibilityVersion = "Xcode 9.3";
			developmentRegion = en;
			hasScannedForEncodings = 0;
			knownRegions = (
				en,
				Base,
			);
			mainGroup = DB3E5C932460D88C00A5ECD2;
			productRefGroup = DB3E5C9D2460D88C00A5ECD2 /* Products */;
			projectDirPath = "";
			projectRoot = "";
			targets = (
				DB3E5C9B2460D88C00A5ECD2 /* ShoppingList */,
				DB3E5CB12460D8A700A5ECD2 /* ShoppingListTests */,
				DB3E5CBC2460D8A700A5ECD2 /* ShoppingListUITests */,
			);
		};
/* End PBXProject section */

/* Begin PBXResourcesBuildPhase section */
		DB3E5C9A2460D88C00A5ECD2 /* Resources */ = {
			isa = PBXResourcesBuildPhase;
			buildActionMask = 2147483647;
			files = (
				DB3E5CAC2460D8A700A5ECD2 /* LaunchScreen.storyboard in Resources */,
				DB3E5CA92460D8A700A5ECD2 /* Assets.xcassets in Resources */,
				DB3E5CA72460D88C00A5ECD2 /* Main.storyboard in Resources */,
			);
			runOnlyForDeploymentPostprocessing = 0;
		};
		DB3E5CB02460D8A700A5ECD2 /* Resources */ = {
			isa = PBXResourcesBuildPhase;
			buildActionMask = 2147483647;
			files = (
			);
			runOnlyForDeploymentPostprocessing = 0;
		};
		DB3E5CBB2460D8A700A5ECD2 /* Resources */ = {
			isa = PBXResourcesBuildPhase;
			buildActionMask = 2147483647;
			files = (
			);
			runOnlyForDeploymentPostprocessing = 0;
		};
/* End PBXResourcesBuildPhase section */

/* Begin PBXSourcesBuildPhase section */
		DB3E5C982460D88C00A5ECD2 /* Sources */ = {
			isa = PBXSourcesBuildPhase;
			buildActionMask = 2147483647;
			files = (
				0A56E2F424698B46004F2669 /* ShoppingItem.swift in Sources */,
				DB5885E724617F9B00DF2A9F /* AddItemController.swift in Sources */,
				DB3E5CD02460DBB600A5ECD2 /* ItemCell.swift in Sources */,
				DB3E5CA42460D88C00A5ECD2 /* ViewController.swift in Sources */,
				0A56E2F0246986BA004F2669 /* ShoppingCell.swift in Sources */,
				DB3E5CA02460D88C00A5ECD2 /* AppDelegate.swift in Sources */,
				DB3E5CA22460D88C00A5ECD2 /* SceneDelegate.swift in Sources */,
			);
			runOnlyForDeploymentPostprocessing = 0;
		};
		DB3E5CAE2460D8A700A5ECD2 /* Sources */ = {
			isa = PBXSourcesBuildPhase;
			buildActionMask = 2147483647;
			files = (
				DB3E5CB72460D8A700A5ECD2 /* ShoppingListTests.swift in Sources */,
			);
			runOnlyForDeploymentPostprocessing = 0;
		};
		DB3E5CB92460D8A700A5ECD2 /* Sources */ = {
			isa = PBXSourcesBuildPhase;
			buildActionMask = 2147483647;
			files = (
				DB3E5CC22460D8A700A5ECD2 /* ShoppingListUITests.swift in Sources */,
			);
			runOnlyForDeploymentPostprocessing = 0;
		};
/* End PBXSourcesBuildPhase section */

/* Begin PBXTargetDependency section */
		DB3E5CB42460D8A700A5ECD2 /* PBXTargetDependency */ = {
			isa = PBXTargetDependency;
			target = DB3E5C9B2460D88C00A5ECD2 /* ShoppingList */;
			targetProxy = DB3E5CB32460D8A700A5ECD2 /* PBXContainerItemProxy */;
		};
		DB3E5CBF2460D8A700A5ECD2 /* PBXTargetDependency */ = {
			isa = PBXTargetDependency;
			target = DB3E5C9B2460D88C00A5ECD2 /* ShoppingList */;
			targetProxy = DB3E5CBE2460D8A700A5ECD2 /* PBXContainerItemProxy */;
		};
/* End PBXTargetDependency section */

/* Begin PBXVariantGroup section */
		DB3E5CA52460D88C00A5ECD2 /* Main.storyboard */ = {
			isa = PBXVariantGroup;
			children = (
				DB3E5CA62460D88C00A5ECD2 /* Base */,
			);
			name = Main.storyboard;
			sourceTree = "<group>";
		};
		DB3E5CAA2460D8A700A5ECD2 /* LaunchScreen.storyboard */ = {
			isa = PBXVariantGroup;
			children = (
				DB3E5CAB2460D8A700A5ECD2 /* Base */,
			);
			name = LaunchScreen.storyboard;
			sourceTree = "<group>";
		};
/* End PBXVariantGroup section */

/* Begin XCBuildConfiguration section */
		DB3E5CC42460D8A700A5ECD2 /* Debug */ = {
			isa = XCBuildConfiguration;
			buildSettings = {
				ALWAYS_SEARCH_USER_PATHS = NO;
				CLANG_ANALYZER_NONNULL = YES;
				CLANG_ANALYZER_NUMBER_OBJECT_CONVERSION = YES_AGGRESSIVE;
				CLANG_CXX_LANGUAGE_STANDARD = "gnu++14";
				CLANG_CXX_LIBRARY = "libc++";
				CLANG_ENABLE_MODULES = YES;
				CLANG_ENABLE_OBJC_ARC = YES;
				CLANG_ENABLE_OBJC_WEAK = YES;
				CLANG_WARN_BLOCK_CAPTURE_AUTORELEASING = YES;
				CLANG_WARN_BOOL_CONVERSION = YES;
				CLANG_WARN_COMMA = YES;
				CLANG_WARN_CONSTANT_CONVERSION = YES;
				CLANG_WARN_DEPRECATED_OBJC_IMPLEMENTATIONS = YES;
				CLANG_WARN_DIRECT_OBJC_ISA_USAGE = YES_ERROR;
				CLANG_WARN_DOCUMENTATION_COMMENTS = YES;
				CLANG_WARN_EMPTY_BODY = YES;
				CLANG_WARN_ENUM_CONVERSION = YES;
				CLANG_WARN_INFINITE_RECURSION = YES;
				CLANG_WARN_INT_CONVERSION = YES;
				CLANG_WARN_NON_LITERAL_NULL_CONVERSION = YES;
				CLANG_WARN_OBJC_IMPLICIT_RETAIN_SELF = YES;
				CLANG_WARN_OBJC_LITERAL_CONVERSION = YES;
				CLANG_WARN_OBJC_ROOT_CLASS = YES_ERROR;
				CLANG_WARN_RANGE_LOOP_ANALYSIS = YES;
				CLANG_WARN_STRICT_PROTOTYPES = YES;
				CLANG_WARN_SUSPICIOUS_MOVE = YES;
				CLANG_WARN_UNGUARDED_AVAILABILITY = YES_AGGRESSIVE;
				CLANG_WARN_UNREACHABLE_CODE = YES;
				CLANG_WARN__DUPLICATE_METHOD_MATCH = YES;
				COPY_PHASE_STRIP = NO;
				DEBUG_INFORMATION_FORMAT = dwarf;
				ENABLE_STRICT_OBJC_MSGSEND = YES;
				ENABLE_TESTABILITY = YES;
				GCC_C_LANGUAGE_STANDARD = gnu11;
				GCC_DYNAMIC_NO_PIC = NO;
				GCC_NO_COMMON_BLOCKS = YES;
				GCC_OPTIMIZATION_LEVEL = 0;
				GCC_PREPROCESSOR_DEFINITIONS = (
					"DEBUG=1",
					"$(inherited)",
				);
				GCC_WARN_64_TO_32_BIT_CONVERSION = YES;
				GCC_WARN_ABOUT_RETURN_TYPE = YES_ERROR;
				GCC_WARN_UNDECLARED_SELECTOR = YES;
				GCC_WARN_UNINITIALIZED_AUTOS = YES_AGGRESSIVE;
				GCC_WARN_UNUSED_FUNCTION = YES;
				GCC_WARN_UNUSED_VARIABLE = YES;
				IPHONEOS_DEPLOYMENT_TARGET = 13.4;
				MTL_ENABLE_DEBUG_INFO = INCLUDE_SOURCE;
				MTL_FAST_MATH = YES;
				ONLY_ACTIVE_ARCH = YES;
				SDKROOT = iphoneos;
				SWIFT_ACTIVE_COMPILATION_CONDITIONS = DEBUG;
				SWIFT_OPTIMIZATION_LEVEL = "-Onone";
			};
			name = Debug;
		};
		DB3E5CC52460D8A700A5ECD2 /* Release */ = {
			isa = XCBuildConfiguration;
			buildSettings = {
				ALWAYS_SEARCH_USER_PATHS = NO;
				CLANG_ANALYZER_NONNULL = YES;
				CLANG_ANALYZER_NUMBER_OBJECT_CONVERSION = YES_AGGRESSIVE;
				CLANG_CXX_LANGUAGE_STANDARD = "gnu++14";
				CLANG_CXX_LIBRARY = "libc++";
				CLANG_ENABLE_MODULES = YES;
				CLANG_ENABLE_OBJC_ARC = YES;
				CLANG_ENABLE_OBJC_WEAK = YES;
				CLANG_WARN_BLOCK_CAPTURE_AUTORELEASING = YES;
				CLANG_WARN_BOOL_CONVERSION = YES;
				CLANG_WARN_COMMA = YES;
				CLANG_WARN_CONSTANT_CONVERSION = YES;
				CLANG_WARN_DEPRECATED_OBJC_IMPLEMENTATIONS = YES;
				CLANG_WARN_DIRECT_OBJC_ISA_USAGE = YES_ERROR;
				CLANG_WARN_DOCUMENTATION_COMMENTS = YES;
				CLANG_WARN_EMPTY_BODY = YES;
				CLANG_WARN_ENUM_CONVERSION = YES;
				CLANG_WARN_INFINITE_RECURSION = YES;
				CLANG_WARN_INT_CONVERSION = YES;
				CLANG_WARN_NON_LITERAL_NULL_CONVERSION = YES;
				CLANG_WARN_OBJC_IMPLICIT_RETAIN_SELF = YES;
				CLANG_WARN_OBJC_LITERAL_CONVERSION = YES;
				CLANG_WARN_OBJC_ROOT_CLASS = YES_ERROR;
				CLANG_WARN_RANGE_LOOP_ANALYSIS = YES;
				CLANG_WARN_STRICT_PROTOTYPES = YES;
				CLANG_WARN_SUSPICIOUS_MOVE = YES;
				CLANG_WARN_UNGUARDED_AVAILABILITY = YES_AGGRESSIVE;
				CLANG_WARN_UNREACHABLE_CODE = YES;
				CLANG_WARN__DUPLICATE_METHOD_MATCH = YES;
				COPY_PHASE_STRIP = NO;
				DEBUG_INFORMATION_FORMAT = "dwarf-with-dsym";
				ENABLE_NS_ASSERTIONS = NO;
				ENABLE_STRICT_OBJC_MSGSEND = YES;
				GCC_C_LANGUAGE_STANDARD = gnu11;
				GCC_NO_COMMON_BLOCKS = YES;
				GCC_WARN_64_TO_32_BIT_CONVERSION = YES;
				GCC_WARN_ABOUT_RETURN_TYPE = YES_ERROR;
				GCC_WARN_UNDECLARED_SELECTOR = YES;
				GCC_WARN_UNINITIALIZED_AUTOS = YES_AGGRESSIVE;
				GCC_WARN_UNUSED_FUNCTION = YES;
				GCC_WARN_UNUSED_VARIABLE = YES;
				IPHONEOS_DEPLOYMENT_TARGET = 13.4;
				MTL_ENABLE_DEBUG_INFO = NO;
				MTL_FAST_MATH = YES;
				SDKROOT = iphoneos;
				SWIFT_COMPILATION_MODE = wholemodule;
				SWIFT_OPTIMIZATION_LEVEL = "-O";
				VALIDATE_PRODUCT = YES;
			};
			name = Release;
		};
		DB3E5CC72460D8A700A5ECD2 /* Debug */ = {
			isa = XCBuildConfiguration;
			buildSettings = {
				ASSETCATALOG_COMPILER_APPICON_NAME = AppIcon;
				CODE_SIGN_STYLE = Automatic;
				INFOPLIST_FILE = ShoppingList/Info.plist;
				LD_RUNPATH_SEARCH_PATHS = (
					"$(inherited)",
					"@executable_path/Frameworks",
				);
				PRODUCT_BUNDLE_IDENTIFIER = com.swiftguys.ShoppingList;
				PRODUCT_NAME = "$(TARGET_NAME)";
				SWIFT_VERSION = 5.0;
				TARGETED_DEVICE_FAMILY = "1,2";
			};
			name = Debug;
		};
		DB3E5CC82460D8A700A5ECD2 /* Release */ = {
			isa = XCBuildConfiguration;
			buildSettings = {
				ASSETCATALOG_COMPILER_APPICON_NAME = AppIcon;
				CODE_SIGN_STYLE = Automatic;
				INFOPLIST_FILE = ShoppingList/Info.plist;
				LD_RUNPATH_SEARCH_PATHS = (
					"$(inherited)",
					"@executable_path/Frameworks",
				);
				PRODUCT_BUNDLE_IDENTIFIER = com.swiftguys.ShoppingList;
				PRODUCT_NAME = "$(TARGET_NAME)";
				SWIFT_VERSION = 5.0;
				TARGETED_DEVICE_FAMILY = "1,2";
			};
			name = Release;
		};
		DB3E5CCA2460D8A700A5ECD2 /* Debug */ = {
			isa = XCBuildConfiguration;
			buildSettings = {
				ALWAYS_EMBED_SWIFT_STANDARD_LIBRARIES = YES;
				BUNDLE_LOADER = "$(TEST_HOST)";
				CODE_SIGN_STYLE = Automatic;
				INFOPLIST_FILE = ShoppingListTests/Info.plist;
				IPHONEOS_DEPLOYMENT_TARGET = 13.4;
				LD_RUNPATH_SEARCH_PATHS = (
					"$(inherited)",
					"@executable_path/Frameworks",
					"@loader_path/Frameworks",
				);
				PRODUCT_BUNDLE_IDENTIFIER = com.swiftguys.ShoppingListTests;
				PRODUCT_NAME = "$(TARGET_NAME)";
				SWIFT_VERSION = 5.0;
				TARGETED_DEVICE_FAMILY = "1,2";
				TEST_HOST = "$(BUILT_PRODUCTS_DIR)/ShoppingList.app/ShoppingList";
			};
			name = Debug;
		};
		DB3E5CCB2460D8A700A5ECD2 /* Release */ = {
			isa = XCBuildConfiguration;
			buildSettings = {
				ALWAYS_EMBED_SWIFT_STANDARD_LIBRARIES = YES;
				BUNDLE_LOADER = "$(TEST_HOST)";
				CODE_SIGN_STYLE = Automatic;
				INFOPLIST_FILE = ShoppingListTests/Info.plist;
				IPHONEOS_DEPLOYMENT_TARGET = 13.4;
				LD_RUNPATH_SEARCH_PATHS = (
					"$(inherited)",
					"@executable_path/Frameworks",
					"@loader_path/Frameworks",
				);
				PRODUCT_BUNDLE_IDENTIFIER = com.swiftguys.ShoppingListTests;
				PRODUCT_NAME = "$(TARGET_NAME)";
				SWIFT_VERSION = 5.0;
				TARGETED_DEVICE_FAMILY = "1,2";
				TEST_HOST = "$(BUILT_PRODUCTS_DIR)/ShoppingList.app/ShoppingList";
			};
			name = Release;
		};
		DB3E5CCD2460D8A700A5ECD2 /* Debug */ = {
			isa = XCBuildConfiguration;
			buildSettings = {
				ALWAYS_EMBED_SWIFT_STANDARD_LIBRARIES = YES;
				CODE_SIGN_STYLE = Automatic;
				INFOPLIST_FILE = ShoppingListUITests/Info.plist;
				LD_RUNPATH_SEARCH_PATHS = (
					"$(inherited)",
					"@executable_path/Frameworks",
					"@loader_path/Frameworks",
				);
				PRODUCT_BUNDLE_IDENTIFIER = com.swiftguys.ShoppingListUITests;
				PRODUCT_NAME = "$(TARGET_NAME)";
				SWIFT_VERSION = 5.0;
				TARGETED_DEVICE_FAMILY = "1,2";
				TEST_TARGET_NAME = ShoppingList;
			};
			name = Debug;
		};
		DB3E5CCE2460D8A700A5ECD2 /* Release */ = {
			isa = XCBuildConfiguration;
			buildSettings = {
				ALWAYS_EMBED_SWIFT_STANDARD_LIBRARIES = YES;
				CODE_SIGN_STYLE = Automatic;
				INFOPLIST_FILE = ShoppingListUITests/Info.plist;
				LD_RUNPATH_SEARCH_PATHS = (
					"$(inherited)",
					"@executable_path/Frameworks",
					"@loader_path/Frameworks",
				);
				PRODUCT_BUNDLE_IDENTIFIER = com.swiftguys.ShoppingListUITests;
				PRODUCT_NAME = "$(TARGET_NAME)";
				SWIFT_VERSION = 5.0;
				TARGETED_DEVICE_FAMILY = "1,2";
				TEST_TARGET_NAME = ShoppingList;
			};
			name = Release;
		};
/* End XCBuildConfiguration section */

/* Begin XCConfigurationList section */
		DB3E5C972460D88C00A5ECD2 /* Build configuration list for PBXProject "ShoppingList" */ = {
			isa = XCConfigurationList;
			buildConfigurations = (
				DB3E5CC42460D8A700A5ECD2 /* Debug */,
				DB3E5CC52460D8A700A5ECD2 /* Release */,
			);
			defaultConfigurationIsVisible = 0;
			defaultConfigurationName = Release;
		};
		DB3E5CC62460D8A700A5ECD2 /* Build configuration list for PBXNativeTarget "ShoppingList" */ = {
			isa = XCConfigurationList;
			buildConfigurations = (
				DB3E5CC72460D8A700A5ECD2 /* Debug */,
				DB3E5CC82460D8A700A5ECD2 /* Release */,
			);
			defaultConfigurationIsVisible = 0;
			defaultConfigurationName = Release;
		};
		DB3E5CC92460D8A700A5ECD2 /* Build configuration list for PBXNativeTarget "ShoppingListTests" */ = {
			isa = XCConfigurationList;
			buildConfigurations = (
				DB3E5CCA2460D8A700A5ECD2 /* Debug */,
				DB3E5CCB2460D8A700A5ECD2 /* Release */,
			);
			defaultConfigurationIsVisible = 0;
			defaultConfigurationName = Release;
		};
		DB3E5CCC2460D8A700A5ECD2 /* Build configuration list for PBXNativeTarget "ShoppingListUITests" */ = {
			isa = XCConfigurationList;
			buildConfigurations = (
				DB3E5CCD2460D8A700A5ECD2 /* Debug */,
				DB3E5CCE2460D8A700A5ECD2 /* Release */,
			);
			defaultConfigurationIsVisible = 0;
			defaultConfigurationName = Release;
		};
/* End XCConfigurationList section */
	};
	rootObject = DB3E5C942460D88C00A5ECD2 /* Project object */;
}
